{
  "version": "4",
  "specifiers": {
    "jsr:@std/cli@^1.0.12": "1.0.14",
    "jsr:@std/encoding@^1.0.7": "1.0.7",
    "jsr:@std/fmt@^1.0.5": "1.0.6",
    "jsr:@std/html@^1.0.3": "1.0.3",
    "jsr:@std/http@1.0": "1.0.13",
    "jsr:@std/media-types@^1.1.0": "1.1.0",
    "jsr:@std/net@^1.0.4": "1.0.4",
    "jsr:@std/path@1.0": "1.0.8",
    "jsr:@std/path@^1.0.8": "1.0.8",
    "jsr:@std/streams@^1.0.9": "1.0.9"
  },
  "jsr": {
    "@std/cli@1.0.14": {
      "integrity": "b09ee9921cd476c0e08185ed2bfce682d45ecf4654f26c31b4aa244a2c5c024e"
    },
    "@std/encoding@1.0.7": {
      "integrity": "f631247c1698fef289f2de9e2a33d571e46133b38d042905e3eac3715030a82d"
    },
    "@std/fmt@1.0.6": {
      "integrity": "a2c56a69a2369876ddb3ad6a500bb6501b5bad47bb3ea16bfb0c18974d2661fc"
    },
    "@std/html@1.0.3": {
      "integrity": "7a0ac35e050431fb49d44e61c8b8aac1ebd55937e0dc9ec6409aa4bab39a7988"
    },
    "@std/http@1.0.13": {
      "integrity": "d29618b982f7ae44380111f7e5b43da59b15db64101198bb5f77100d44eb1e1e",
      "dependencies": [
        "jsr:@std/cli",
        "jsr:@std/encoding",
        "jsr:@std/fmt",
        "jsr:@std/html",
        "jsr:@std/media-types",
        "jsr:@std/net",
        "jsr:@std/path@^1.0.8",
        "jsr:@std/streams"
      ]
    },
    "@std/media-types@1.1.0": {
      "integrity": "c9d093f0c05c3512932b330e3cc1fe1d627b301db33a4c2c2185c02471d6eaa4"
    },
    "@std/net@1.0.4": {
      "integrity": "2f403b455ebbccf83d8a027d29c5a9e3a2452fea39bb2da7f2c04af09c8bc852"
    },
    "@std/path@1.0.8": {
      "integrity": "548fa456bb6a04d3c1a1e7477986b6cffbce95102d0bb447c67c4ee70e0364be"
    },
    "@std/streams@1.0.9": {
      "integrity": "a9d26b1988cdd7aa7b1f4b51e1c36c1557f3f252880fa6cc5b9f37078b1a5035"
    }
  },
  "workspace": {
    "packageJson": {
      "dependencies": [
        "npm:@astrojs/vue@5.0.7",
        "npm:@deno/astro-adapter@0.3.0",
        "npm:@igorkowalczyk/eslint-config@3.0.7",
        "npm:@igorkowalczyk/prettier-config@3.0.7",
        "npm:@tailwindcss/forms@0.5.10",
        "npm:@tailwindcss/vite@4.0.11",
        "npm:@types/canvas-confetti@1.9.0",
        "npm:@vueuse/core@13.0.0",
        "npm:astro-compressor@1.0.0",
        "npm:astro@5.5.2",
        "npm:badgen@3.2.3",
        "npm:canvas-confetti@1.9.3",
        "npm:class-variance-authority@0.7.1",
        "npm:clsx@2.1.1",
        "npm:eslint-plugin-vue@10.0.0",
        "npm:eslint@9.22.0",
        "npm:lucide-vue-next@0.483.0",
        "npm:prettier-plugin-astro@0.14.1",
        "npm:prettier-plugin-tailwindcss@0.6.11",
        "npm:prettier@3.5.3",
        "npm:tailwind-merge@3.0.2",
        "npm:tailwindcss@4.0.14",
        "npm:typescript@5.8.2",
        "npm:vue@3.5.13"
      ]
    }
  }
}
